
Microsoft Visual Studio Solution File, Format Version 12.00
# Visual Studio Version 17
VisualStudioVersion = 17.6.33815.320
MinimumVisualStudioVersion = 10.0.40219.1
Project("{FAE04EC0-301F-11D3-BF4B-00C04F79EFBC}") = "ServerLibrary", "ServerLibrary.csproj", "{75D111C0-AB3C-459F-BF20-2EE244F88B6E}"
EndProject
Project("{FAE04EC0-301F-11D3-BF4B-00C04F79EFBC}") = "ClientSide", "..\ClientSide\ClientSide.csproj", "{73079D11-9C1D-4E80-9519-9D02D2184B31}"
EndProject
Project("{FAE04EC0-301F-11D3-BF4B-00C04F79EFBC}") = "GUI for test", "..\GUI for test\GUI for test.csproj", "{9E53FDA9-5973-46F0-8233-820037924578}"
EndProject
Global
	GlobalSection(SolutionConfigurationPlatforms) = preSolution
		Debug|Any CPU = Debug|Any CPU
		Release|Any CPU = Release|Any CPU
	EndGlobalSection
	GlobalSection(ProjectConfigurationPlatforms) = postSolution
		{75D111C0-AB3C-459F-BF20-2EE244F88B6E}.Debug|Any CPU.ActiveCfg = Debug|Any CPU
		{75D111C0-AB3C-459F-BF20-2EE244F88B6E}.Debug|Any CPU.Build.0 = Debug|Any CPU
		{75D111C0-AB3C-459F-BF20-2EE244F88B6E}.Release|Any CPU.ActiveCfg = Release|Any CPU
		{75D111C0-AB3C-459F-BF20-2EE244F88B6E}.Release|Any CPU.Build.0 = Release|Any CPU
		{73079D11-9C1D-4E80-9519-9D02D2184B31}.Debug|Any CPU.ActiveCfg = Debug|Any CPU
		{73079D11-9C1D-4E80-9519-9D02D2184B31}.Debug|Any CPU.Build.0 = Debug|Any CPU
		{73079D11-9C1D-4E80-9519-9D02D2184B31}.Release|Any CPU.ActiveCfg = Release|Any CPU
		{73079D11-9C1D-4E80-9519-9D02D2184B31}.Release|Any CPU.Build.0 = Release|Any CPU
		{9E53FDA9-5973-46F0-8233-820037924578}.Debug|Any CPU.ActiveCfg = Debug|Any CPU
		{9E53FDA9-5973-46F0-8233-820037924578}.Debug|Any CPU.Build.0 = Debug|Any CPU
		{9E53FDA9-5973-46F0-8233-820037924578}.Release|Any CPU.ActiveCfg = Release|Any CPU
		{9E53FDA9-5973-46F0-8233-820037924578}.Release|Any CPU.Build.0 = Release|Any CPU
	EndGlobalSection
	GlobalSection(SolutionProperties) = preSolution
		HideSolutionNode = FALSE
	EndGlobalSection
	GlobalSection(ExtensibilityGlobals) = postSolution
		SolutionGuid = {B317F99E-4FAA-4605-BDA1-C7660349C292}
	EndGlobalSection
EndGlobal
